{
  "name": "@rbxts/virtualized-list",
  "version": "1.3.2-ts.0",
  "lockfileVersion": 3,
  "requires": true,
  "packages": {
    "": {
      "name": "@rbxts/virtualized-list",
      "version": "1.3.2-ts.0",
      "license": "MIT",
      "dependencies": {
        "@rbxts/flipper": "^2.0.1",
        "@rbxts/luau-polyfill-internal": "^1.2.3-ts.0",
        "@rbxts/react": "^0.3.4"
      },
      "devDependencies": {
        "@rbxts/compiler-types": "^2.3.0-types.0",
        "@rbxts/types": "^1.0.754"
      }
    },
    "node_modules/@rbxts/compiler-types": {
      "version": "2.3.0-types.0",
      "resolved": "https://registry.npmjs.org/@rbxts/compiler-types/-/compiler-types-2.3.0-types.0.tgz",
      "integrity": "sha512-2kllUXLlK22OzSi3GmLT+/O70U9oB2iXp4rGFk5FLwc1pqf4W9EsInuJ0t7poLE2XnqnpW/ojff9CUNivI2+lw==",
      "dev": true
    },
    "node_modules/@rbxts/flipper": {
      "version": "2.0.1",
      "resolved": "https://registry.npmjs.org/@rbxts/flipper/-/flipper-2.0.1.tgz",
      "integrity": "sha512-kxb5AZizP05XSmo3waS/QkcfNMD5b6HX4gGwyHOyBow260R5MIT4L/ZUPLvleXXyb9b67X4NVmHoac1tPXOLNA=="
    },
    "node_modules/@rbxts/luau-polyfill-internal": {
      "version": "1.2.3-ts.0",
      "resolved": "https://registry.npmjs.org/@rbxts/luau-polyfill-internal/-/luau-polyfill-internal-1.2.3-ts.0.tgz",
      "integrity": "sha512-LG1h4uf+MpMxu6RfOLowRe+NOs2SWXzCmYd49WvfR8ZKVUNHvT0BeVIL9rS9q//mTlz8BXDyl5EVIyjnKgsekA=="
    },
    "node_modules/@rbxts/react": {
      "version": "0.3.4",
      "resolved": "https://registry.npmjs.org/@rbxts/react/-/react-0.3.4.tgz",
      "integrity": "sha512-1Vu97fsJyO6+XCuUWz9Cd32xgM7aWQ9HWhqgSUE8Dh8LdFlkUNK73HbjzgjUYBLNBf8S+uCXqj9RNjAmgMTO1Q==",
      "dependencies": {
        "@rbxts/react-vendor": "0.3.4"
      }
    },
    "node_modules/@rbxts/react-vendor": {
      "version": "0.3.4",
      "resolved": "https://registry.npmjs.org/@rbxts/react-vendor/-/react-vendor-0.3.4.tgz",
      "integrity": "sha512-zMN7VBCpOEoNUfz0m6pgU38JSlQ+UGKj/rSCvQUlUB2fwDz06FkVbgHqpbNiJJp6JjdeamjnBmvz//eZLTuHqw=="
    },
    "node_modules/@rbxts/types": {
      "version": "1.0.764",
      "resolved": "https://registry.npmjs.org/@rbxts/types/-/types-1.0.764.tgz",
      "integrity": "sha512-pIOEysgAf6a0PlJvWTTgSzClvzOnewjk43Mg60b9MZ/Ns00QdPqN6QRrDhKS8P0FuMwWhot6gjbxcN8pW2aedw==",
      "dev": true
    }
  }
}
